
Microsoft Visual Studio Solution File, Format Version 12.00
# Visual Studio Version 16
VisualStudioVersion = 16.0.31613.86
MinimumVisualStudioVersion = 10.0.40219.1
Project("{FAE04EC0-301F-11D3-BF4B-00C04F79EFBC}") = "CentralitaHerencia", "CentralitaHerencia\CentralitaHerencia.csproj", "{89B7681C-A28E-4392-815D-34D4A0CD5FB5}"
EndProject
Project("{FAE04EC0-301F-11D3-BF4B-00C04F79EFBC}") = "Test", "Test\Test.csproj", "{5C0DFC24-E003-4C52-88CB-D2D55A134D68}"
EndProject
Global
	GlobalSection(SolutionConfigurationPlatforms) = preSolution
		Debug|Any CPU = Debug|Any CPU
		Release|Any CPU = Release|Any CPU
	EndGlobalSection
	GlobalSection(ProjectConfigurationPlatforms) = postSolution
		{89B7681C-A28E-4392-815D-34D4A0CD5FB5}.Debug|Any CPU.ActiveCfg = Debug|Any CPU
		{89B7681C-A28E-4392-815D-34D4A0CD5FB5}.Debug|Any CPU.Build.0 = Debug|Any CPU
		{89B7681C-A28E-4392-815D-34D4A0CD5FB5}.Release|Any CPU.ActiveCfg = Release|Any CPU
		{89B7681C-A28E-4392-815D-34D4A0CD5FB5}.Release|Any CPU.Build.0 = Release|Any CPU
		{5C0DFC24-E003-4C52-88CB-D2D55A134D68}.Debug|Any CPU.ActiveCfg = Debug|Any CPU
		{5C0DFC24-E003-4C52-88CB-D2D55A134D68}.Debug|Any CPU.Build.0 = Debug|Any CPU
		{5C0DFC24-E003-4C52-88CB-D2D55A134D68}.Release|Any CPU.ActiveCfg = Release|Any CPU
		{5C0DFC24-E003-4C52-88CB-D2D55A134D68}.Release|Any CPU.Build.0 = Release|Any CPU
	EndGlobalSection
	GlobalSection(SolutionProperties) = preSolution
		HideSolutionNode = FALSE
	EndGlobalSection
	GlobalSection(ExtensibilityGlobals) = postSolution
		SolutionGuid = {8B021DFC-B0C9-4BA5-92A2-4CD5DE6506EC}
	EndGlobalSection
EndGlobal
